// !$*UTF8*$!
{
	archiveVersion = 1;
	classes = {
	};
	objectVersion = 46;
	objects = {

/* Begin PBXBuildFile section */
		2726FB4F1DBF447F0030C62F /* AppDelegate.swift in Sources */ = {isa = PBXBuildFile; fileRef = 2726FB4E1DBF447F0030C62F /* AppDelegate.swift */; };
		2726FB511DBF447F0030C62F /* ViewController.swift in Sources */ = {isa = PBXBuildFile; fileRef = 2726FB501DBF447F0030C62F /* ViewController.swift */; };
		2726FB541DBF447F0030C62F /* Main.storyboard in Resources */ = {isa = PBXBuildFile; fileRef = 2726FB521DBF447F0030C62F /* Main.storyboard */; };
		2726FB571DBF447F0030C62F /* HitList.xcdatamodeld in Sources */ = {isa = PBXBuildFile; fileRef = 2726FB551DBF447F0030C62F /* HitList.xcdatamodeld */; };
		2726FB591DBF447F0030C62F /* Assets.xcassets in Resources */ = {isa = PBXBuildFile; fileRef = 2726FB581DBF447F0030C62F /* Assets.xcassets */; };
		2726FB5C1DBF447F0030C62F /* LaunchScreen.storyboard in Resources */ = {isa = PBXBuildFile; fileRef = 2726FB5A1DBF447F0030C62F /* LaunchScreen.storyboard */; };
/* End PBXBuildFile section */

/* Begin PBXFileReference section */
		2726FB4B1DBF447F0030C62F /* HitList.app */ = {isa = PBXFileReference; explicitFileType = wrapper.application; includeInIndex = 0; path = HitList.app; sourceTree = BUILT_PRODUCTS_DIR; };
		2726FB4E1DBF447F0030C62F /* AppDelegate.swift */ = {isa = PBXFileReference; lastKnownFileType = sourcecode.swift; path = AppDelegate.swift; sourceTree = "<group>"; };
		2726FB501DBF447F0030C62F /* ViewController.swift */ = {isa = PBXFileReference; lastKnownFileType = sourcecode.swift; path = ViewController.swift; sourceTree = "<group>"; };
		2726FB531DBF447F0030C62F /* Base */ = {isa = PBXFileReference; lastKnownFileType = file.storyboard; name = Base; path = Base.lproj/Main.storyboard; sourceTree = "<group>"; };
		2726FB561DBF447F0030C62F /* HitList.xcdatamodel */ = {isa = PBXFileReference; lastKnownFileType = wrapper.xcdatamodel; path = HitList.xcdatamodel; sourceTree = "<group>"; };
		2726FB581DBF447F0030C62F /* Assets.xcassets */ = {isa = PBXFileReference; lastKnownFileType = folder.assetcatalog; path = Assets.xcassets; sourceTree = "<group>"; };
		2726FB5B1DBF447F0030C62F /* Base */ = {isa = PBXFileReference; lastKnownFileType = file.storyboard; name = Base; path = Base.lproj/LaunchScreen.storyboard; sourceTree = "<group>"; };
		2726FB5D1DBF447F0030C62F /* Info.plist */ = {isa = PBXFileReference; lastKnownFileType = text.plist.xml; path = Info.plist; sourceTree = "<group>"; };
/* End PBXFileReference section */

/* Begin PBXFrameworksBuildPhase section */
		2726FB481DBF447F0030C62F /* Frameworks */ = {
			isa = PBXFrameworksBuildPhase;
			buildActionMask = 2147483647;
			files = (
			);
			runOnlyForDeploymentPostprocessing = 0;
		};
/* End PBXFrameworksBuildPhase section */

/* Begin PBXGroup section */
		2726FB421DBF447F0030C62F = {
			isa = PBXGroup;
			children = (
				2726FB4D1DBF447F0030C62F /* HitList */,
				2726FB4C1DBF447F0030C62F /* Products */,
			);
			sourceTree = "<group>";
		};
		2726FB4C1DBF447F0030C62F /* Products */ = {
			isa = PBXGroup;
			children = (
				2726FB4B1DBF447F0030C62F /* HitList.app */,
			);
			name = Products;
			sourceTree = "<group>";
		};
		2726FB4D1DBF447F0030C62F /* HitList */ = {
			isa = PBXGroup;
			children = (
				2726FB4E1DBF447F0030C62F /* AppDelegate.swift */,
				2726FB501DBF447F0030C62F /* ViewController.swift */,
				2726FB521DBF447F0030C62F /* Main.storyboard */,
				2726FB581DBF447F0030C62F /* Assets.xcassets */,
				2726FB5A1DBF447F0030C62F /* LaunchScreen.storyboard */,
				2726FB5D1DBF447F0030C62F /* Info.plist */,
				2726FB551DBF447F0030C62F /* HitList.xcdatamodeld */,
			);
			path = HitList;
			sourceTree = "<group>";
		};
/* End PBXGroup section */

/* Begin PBXNativeTarget section */
		2726FB4A1DBF447F0030C62F /* HitList */ = {
			isa = PBXNativeTarget;
			buildConfigurationList = 2726FB601DBF447F0030C62F /* Build configuration list for PBXNativeTarget "HitList" */;
			buildPhases = (
				2726FB471DBF447F0030C62F /* Sources */,
				2726FB481DBF447F0030C62F /* Frameworks */,
				2726FB491DBF447F0030C62F /* Resources */,
			);
			buildRules = (
			);
			dependencies = (
			);
			name = HitList;
			productName = HitList;
			productReference = 2726FB4B1DBF447F0030C62F /* HitList.app */;
			productType = "com.apple.product-type.application";
		};
/* End PBXNativeTarget section */

/* Begin PBXProject section */
		2726FB431DBF447F0030C62F /* Project object */ = {
			isa = PBXProject;
			attributes = {
				LastSwiftUpdateCheck = 0800;
				LastUpgradeCheck = 0800;
				ORGANIZATIONNAME = cdts;
				TargetAttributes = {
					2726FB4A1DBF447F0030C62F = {
						CreatedOnToolsVersion = 8.0;
						DevelopmentTeam = TE2BYM67AU;
						ProvisioningStyle = Automatic;
					};
				};
			};
			buildConfigurationList = 2726FB461DBF447F0030C62F /* Build configuration list for PBXProject "HitList" */;
			compatibilityVersion = "Xcode 3.2";
			developmentRegion = English;
			hasScannedForEncodings = 0;
			knownRegions = (
				en,
				Base,
			);
			mainGroup = 2726FB421DBF447F0030C62F;
			productRefGroup = 2726FB4C1DBF447F0030C62F /* Products */;
			projectDirPath = "";
			projectRoot = "";
			targets = (
				2726FB4A1DBF447F0030C62F /* HitList */,
			);
		};
/* End PBXProject section */

/* Begin PBXResourcesBuildPhase section */
		2726FB491DBF447F0030C62F /* Resources */ = {
			isa = PBXResourcesBuildPhase;
			buildActionMask = 2147483647;
			files = (
				2726FB5C1DBF447F0030C62F /* LaunchScreen.storyboard in Resources */,
				2726FB591DBF447F0030C62F /* Assets.xcassets in Resources */,
				2726FB541DBF447F0030C62F /* Main.storyboard in Resources */,
			);
			runOnlyForDeploymentPostprocessing = 0;
		};
/* End PBXResourcesBuildPhase section */

/* Begin PBXSourcesBuildPhase section */
		2726FB471DBF447F0030C62F /* Sources */ = {
			isa = PBXSourcesBuildPhase;
			buildActionMask = 2147483647;
			files = (
				2726FB571DBF447F0030C62F /* HitList.xcdatamodeld in Sources */,
				2726FB511DBF447F0030C62F /* ViewController.swift in Sources */,
				2726FB4F1DBF447F0030C62F /* AppDelegate.swift in Sources */,
			);
			runOnlyForDeploymentPostprocessing = 0;
		};
/* End PBXSourcesBuildPhase section */

/* Begin PBXVariantGroup section */
		2726FB521DBF447F0030C62F /* Main.storyboard */ = {
			isa = PBXVariantGroup;
			children = (
				2726FB531DBF447F0030C62F /* Base */,
			);
			name = Main.storyboard;
			sourceTree = "<group>";
		};
		2726FB5A1DBF447F0030C62F /* LaunchScreen.storyboard */ = {
			isa = PBXVariantGroup;
			children = (
				2726FB5B1DBF447F0030C62F /* Base */,
			);
			name = LaunchScreen.storyboard;
			sourceTree = "<group>";
		};
/* End PBXVariantGroup section */

/* Begin XCBuildConfiguration section */
		2726FB5E1DBF447F0030C62F /* Debug */ = {
			isa = XCBuildConfiguration;
			buildSettings = {
				ALWAYS_SEARCH_USER_PATHS = NO;
				CLANG_ANALYZER_NONNULL = YES;
				CLANG_CXX_LANGUAGE_STANDARD = "gnu++0x";
				CLANG_CXX_LIBRARY = "libc++";
				CLANG_ENABLE_MODULES = YES;
				CLANG_ENABLE_OBJC_ARC = YES;
				CLANG_WARN_BOOL_CONVERSION = YES;
				CLANG_WARN_CONSTANT_CONVERSION = YES;
				CLANG_WARN_DIRECT_OBJC_ISA_USAGE = YES_ERROR;
				CLANG_WARN_DOCUMENTATION_COMMENTS = YES;
				CLANG_WARN_EMPTY_BODY = YES;
				CLANG_WARN_ENUM_CONVERSION = YES;
				CLANG_WARN_INFINITE_RECURSION = YES;
				CLANG_WARN_INT_CONVERSION = YES;
				CLANG_WARN_OBJC_ROOT_CLASS = YES_ERROR;
				CLANG_WARN_SUSPICIOUS_MOVES = YES;
				CLANG_WARN_UNREACHABLE_CODE = YES;
				CLANG_WARN__DUPLICATE_METHOD_MATCH = YES;
				"CODE_SIGN_IDENTITY[sdk=iphoneos*]" = "iPhone Developer";
				COPY_PHASE_STRIP = NO;
				DEBUG_INFORMATION_FORMAT = dwarf;
				ENABLE_STRICT_OBJC_MSGSEND = YES;
				ENABLE_TESTABILITY = YES;
				GCC_C_LANGUAGE_STANDARD = gnu99;
				GCC_DYNAMIC_NO_PIC = NO;
				GCC_NO_COMMON_BLOCKS = YES;
				GCC_OPTIMIZATION_LEVEL = 0;
				GCC_PREPROCESSOR_DEFINITIONS = (
					"DEBUG=1",
					"$(inherited)",
				);
				GCC_WARN_64_TO_32_BIT_CONVERSION = YES;
				GCC_WARN_ABOUT_RETURN_TYPE = YES_ERROR;
				GCC_WARN_UNDECLARED_SELECTOR = YES;
				GCC_WARN_UNINITIALIZED_AUTOS = YES_AGGRESSIVE;
				GCC_WARN_UNUSED_FUNCTION = YES;
				GCC_WARN_UNUSED_VARIABLE = YES;
				IPHONEOS_DEPLOYMENT_TARGET = 10.0;
				MTL_ENABLE_DEBUG_INFO = YES;
				ONLY_ACTIVE_ARCH = YES;
				SDKROOT = iphoneos;
				SWIFT_ACTIVE_COMPILATION_CONDITIONS = DEBUG;
				SWIFT_OPTIMIZATION_LEVEL = "-Onone";
			};
			name = Debug;
		};
		2726FB5F1DBF447F0030C62F /* Release */ = {
			isa = XCBuildConfiguration;
			buildSettings = {
				ALWAYS_SEARCH_USER_PATHS = NO;
				CLANG_ANALYZER_NONNULL = YES;
				CLANG_CXX_LANGUAGE_STANDARD = "gnu++0x";
				CLANG_CXX_LIBRARY = "libc++";
				CLANG_ENABLE_MODULES = YES;
				CLANG_ENABLE_OBJC_ARC = YES;
				CLANG_WARN_BOOL_CONVERSION = YES;
				CLANG_WARN_CONSTANT_CONVERSION = YES;
				CLANG_WARN_DIRECT_OBJC_ISA_USAGE = YES_ERROR;
				CLANG_WARN_DOCUMENTATION_COMMENTS = YES;
				CLANG_WARN_EMPTY_BODY = YES;
				CLANG_WARN_ENUM_CONVERSION = YES;
				CLANG_WARN_INFINITE_RECURSION = YES;
				CLANG_WARN_INT_CONVERSION = YES;
				CLANG_WARN_OBJC_ROOT_CLASS = YES_ERROR;
				CLANG_WARN_SUSPICIOUS_MOVES = YES;
				CLANG_WARN_UNREACHABLE_CODE = YES;
				CLANG_WARN__DUPLICATE_METHOD_MATCH = YES;
				"CODE_SIGN_IDENTITY[sdk=iphoneos*]" = "iPhone Developer";
				COPY_PHASE_STRIP = NO;
				DEBUG_INFORMATION_FORMAT = "dwarf-with-dsym";
				ENABLE_NS_ASSERTIONS = NO;
				ENABLE_STRICT_OBJC_MSGSEND = YES;
				GCC_C_LANGUAGE_STANDARD = gnu99;
				GCC_NO_COMMON_BLOCKS = YES;
				GCC_WARN_64_TO_32_BIT_CONVERSION = YES;
				GCC_WARN_ABOUT_RETURN_TYPE = YES_ERROR;
				GCC_WARN_UNDECLARED_SELECTOR = YES;
				GCC_WARN_UNINITIALIZED_AUTOS = YES_AGGRESSIVE;
				GCC_WARN_UNUSED_FUNCTION = YES;
				GCC_WARN_UNUSED_VARIABLE = YES;
				IPHONEOS_DEPLOYMENT_TARGET = 10.0;
				MTL_ENABLE_DEBUG_INFO = NO;
				SDKROOT = iphoneos;
				SWIFT_OPTIMIZATION_LEVEL = "-Owholemodule";
				VALIDATE_PRODUCT = YES;
			};
			name = Release;
		};
		2726FB611DBF447F0030C62F /* Debug */ = {
			isa = XCBuildConfiguration;
			buildSettings = {
				ASSETCATALOG_COMPILER_APPICON_NAME = AppIcon;
				DEVELOPMENT_TEAM = TE2BYM67AU;
				INFOPLIST_FILE = HitList/Info.plist;
				LD_RUNPATH_SEARCH_PATHS = "$(inherited) @executable_path/Frameworks";
				PRODUCT_BUNDLE_IDENTIFIER = com.cdts.HitList;
				PRODUCT_NAME = "$(TARGET_NAME)";
				SWIFT_VERSION = 3.0;
			};
			name = Debug;
		};
		2726FB621DBF447F0030C62F /* Release */ = {
			isa = XCBuildConfiguration;
			buildSettings = {
				ASSETCATALOG_COMPILER_APPICON_NAME = AppIcon;
				DEVELOPMENT_TEAM = TE2BYM67AU;
				INFOPLIST_FILE = HitList/Info.plist;
				LD_RUNPATH_SEARCH_PATHS = "$(inherited) @executable_path/Frameworks";
				PRODUCT_BUNDLE_IDENTIFIER = com.cdts.HitList;
				PRODUCT_NAME = "$(TARGET_NAME)";
				SWIFT_VERSION = 3.0;
			};
			name = Release;
		};
/* End XCBuildConfiguration section */

/* Begin XCConfigurationList section */
		2726FB461DBF447F0030C62F /* Build configuration list for PBXProject "HitList" */ = {
			isa = XCConfigurationList;
			buildConfigurations = (
				2726FB5E1DBF447F0030C62F /* Debug */,
				2726FB5F1DBF447F0030C62F /* Release */,
			);
			defaultConfigurationIsVisible = 0;
			defaultConfigurationName = Release;
		};
		2726FB601DBF447F0030C62F /* Build configuration list for PBXNativeTarget "HitList" */ = {
			isa = XCConfigurationList;
			buildConfigurations = (
				2726FB611DBF447F0030C62F /* Debug */,
				2726FB621DBF447F0030C62F /* Release */,
			);
			defaultConfigurationIsVisible = 0;
		};
/* End XCConfigurationList section */

/* Begin XCVersionGroup section */
		2726FB551DBF447F0030C62F /* HitList.xcdatamodeld */ = {
			isa = XCVersionGroup;
			children = (
				2726FB561DBF447F0030C62F /* HitList.xcdatamodel */,
			);
			currentVersion = 2726FB561DBF447F0030C62F /* HitList.xcdatamodel */;
			path = HitList.xcdatamodeld;
			sourceTree = "<group>";
			versionGroupType = wrapper.xcdatamodel;
		};
/* End XCVersionGroup section */
	};
	rootObject = 2726FB431DBF447F0030C62F /* Project object */;
}
